
Microsoft Visual Studio Solution File, Format Version 12.00
# Visual Studio Version 16
VisualStudioVersion = 16.0.31624.102
MinimumVisualStudioVersion = 10.0.40219.1
Project("{9A19103F-16F7-4668-BE54-9A1E7A4F7556}") = "MITIENDA.BlazorServer", "MITIENDA.BlazorServer\MITIENDA.BlazorServer.csproj", "{7C73C021-D3A2-4D67-807E-9781226CC983}"
EndProject
Global
	GlobalSection(SolutionConfigurationPlatforms) = preSolution
		Debug|Any CPU = Debug|Any CPU
		Release|Any CPU = Release|Any CPU
	EndGlobalSection
	GlobalSection(ProjectConfigurationPlatforms) = postSolution
		{7C73C021-D3A2-4D67-807E-9781226CC983}.Debug|Any CPU.ActiveCfg = Debug|Any CPU
		{7C73C021-D3A2-4D67-807E-9781226CC983}.Debug|Any CPU.Build.0 = Debug|Any CPU
		{7C73C021-D3A2-4D67-807E-9781226CC983}.Release|Any CPU.ActiveCfg = Release|Any CPU
		{7C73C021-D3A2-4D67-807E-9781226CC983}.Release|Any CPU.Build.0 = Release|Any CPU
	EndGlobalSection
	GlobalSection(SolutionProperties) = preSolution
		HideSolutionNode = FALSE
	EndGlobalSection
	GlobalSection(ExtensibilityGlobals) = postSolution
		SolutionGuid = {CFE6A338-EEE7-451E-BBB0-661155DCA2B9}
	EndGlobalSection
EndGlobal
